
Microsoft Visual Studio Solution File, Format Version 12.00
# Visual Studio Version 16
VisualStudioVersion = 16.0.30204.135
MinimumVisualStudioVersion = 10.0.40219.1
Project("{FAE04EC0-301F-11D3-BF4B-00C04F79EFBC}") = "DAL", "DAL\DAL.csproj", "{159DCEAC-C970-4094-A214-024F47FED13F}"
EndProject
Project("{FAE04EC0-301F-11D3-BF4B-00C04F79EFBC}") = "BLL", "BLL\BLL.csproj", "{F1756AC0-1864-4895-8BAC-97A353B47CBD}"
EndProject
Project("{FAE04EC0-301F-11D3-BF4B-00C04F79EFBC}") = "Entity", "Entity\Entity.csproj", "{5045F878-5D68-4A0C-BBAE-49356BAEB450}"
EndProject
Project("{E24C65DC-7377-472B-9ABA-BC803B73C61A}") = "UI", "WebUI\UI\", "{2CF9593B-C664-40A7-9D71-54F0A562FACE}"
	ProjectSection(WebsiteProperties) = preProject
		TargetFrameworkMoniker = ".NETFramework,Version%3Dv3.5"
		ProjectReferences = "{f1756ac0-1864-4895-8bac-97a353b47cbd}|BLL.dll;{159DCEAC-C970-4094-A214-024F47FED13F}|DAL.dll;{5045F878-5D68-4A0C-BBAE-49356BAEB450}|Entity.dll;"
		Debug.AspNetCompiler.VirtualPath = "/localhost_14377"
		Debug.AspNetCompiler.PhysicalPath = "WebUI\UI\"
		Debug.AspNetCompiler.TargetPath = "PrecompiledWeb\localhost_14377\"
		Debug.AspNetCompiler.Updateable = "true"
		Debug.AspNetCompiler.ForceOverwrite = "true"
		Debug.AspNetCompiler.FixedNames = "false"
		Debug.AspNetCompiler.Debug = "True"
		Release.AspNetCompiler.VirtualPath = "/localhost_14377"
		Release.AspNetCompiler.PhysicalPath = "WebUI\UI\"
		Release.AspNetCompiler.TargetPath = "PrecompiledWeb\localhost_14377\"
		Release.AspNetCompiler.Updateable = "true"
		Release.AspNetCompiler.ForceOverwrite = "true"
		Release.AspNetCompiler.FixedNames = "false"
		Release.AspNetCompiler.Debug = "False"
		VWDPort = "14377"
		SlnRelativePath = "WebUI\UI\"
		DefaultWebSiteLanguage = "Visual C#"
	EndProjectSection
EndProject
Global
	GlobalSection(SolutionConfigurationPlatforms) = preSolution
		Debug|Any CPU = Debug|Any CPU
		Release|Any CPU = Release|Any CPU
	EndGlobalSection
	GlobalSection(ProjectConfigurationPlatforms) = postSolution
		{159DCEAC-C970-4094-A214-024F47FED13F}.Debug|Any CPU.ActiveCfg = Debug|Any CPU
		{159DCEAC-C970-4094-A214-024F47FED13F}.Debug|Any CPU.Build.0 = Debug|Any CPU
		{159DCEAC-C970-4094-A214-024F47FED13F}.Release|Any CPU.ActiveCfg = Release|Any CPU
		{159DCEAC-C970-4094-A214-024F47FED13F}.Release|Any CPU.Build.0 = Release|Any CPU
		{F1756AC0-1864-4895-8BAC-97A353B47CBD}.Debug|Any CPU.ActiveCfg = Debug|Any CPU
		{F1756AC0-1864-4895-8BAC-97A353B47CBD}.Debug|Any CPU.Build.0 = Debug|Any CPU
		{F1756AC0-1864-4895-8BAC-97A353B47CBD}.Release|Any CPU.ActiveCfg = Release|Any CPU
		{F1756AC0-1864-4895-8BAC-97A353B47CBD}.Release|Any CPU.Build.0 = Release|Any CPU
		{5045F878-5D68-4A0C-BBAE-49356BAEB450}.Debug|Any CPU.ActiveCfg = Debug|Any CPU
		{5045F878-5D68-4A0C-BBAE-49356BAEB450}.Debug|Any CPU.Build.0 = Debug|Any CPU
		{5045F878-5D68-4A0C-BBAE-49356BAEB450}.Release|Any CPU.ActiveCfg = Release|Any CPU
		{5045F878-5D68-4A0C-BBAE-49356BAEB450}.Release|Any CPU.Build.0 = Release|Any CPU
		{2CF9593B-C664-40A7-9D71-54F0A562FACE}.Debug|Any CPU.ActiveCfg = Debug|Any CPU
		{2CF9593B-C664-40A7-9D71-54F0A562FACE}.Debug|Any CPU.Build.0 = Debug|Any CPU
		{2CF9593B-C664-40A7-9D71-54F0A562FACE}.Release|Any CPU.ActiveCfg = Debug|Any CPU
		{2CF9593B-C664-40A7-9D71-54F0A562FACE}.Release|Any CPU.Build.0 = Debug|Any CPU
	EndGlobalSection
	GlobalSection(SolutionProperties) = preSolution
		HideSolutionNode = FALSE
	EndGlobalSection
	GlobalSection(ExtensibilityGlobals) = postSolution
		SolutionGuid = {71D9AB7E-FCFC-465C-B138-93E0934A46AE}
	EndGlobalSection
EndGlobal
